# THIS IS AN AUTOGENERATED FILE. DO NOT EDIT THIS FILE DIRECTLY.
# yarn lockfile v1


angular-animate@1.5.0:
  version "1.5.0"
  resolved "https://registry.yarnpkg.com/angular-animate/-/angular-animate-1.5.0.tgz#0e31f31fa7ab2ddf5ea5787e476548644d62fb93"
  integrity sha1-DjHzH6erLd9epXh+R2VIZE1i+5M=

angular-aria@1.5.0:
  version "1.5.0"
  resolved "https://registry.yarnpkg.com/angular-aria/-/angular-aria-1.5.0.tgz#b1099dea02af41d264953ea297590b1504673802"
  integrity sha1-sQmd6gKvQdJklT6il1kLFQRnOAI=

angular-material@0.11.4:
  version "0.11.4"
  resolved "https://registry.yarnpkg.com/angular-material/-/angular-material-0.11.4.tgz#67ea772b130ace8c80b02b81d74b80351b91976d"
  integrity sha1-Z+p3KxMKzoyAsCuB10uANRuRl20=

angular@1.5.0:
  version "1.5.0"
  resolved "https://registry.yarnpkg.com/angular/-/angular-1.5.0.tgz#d96ee97ab6df6cfd0915accbee484d098adb74ec"
  integrity sha1-2W7perbfbP0JFazL7khNCYrbdOw=

mdi@1.4.57:
  version "1.4.57"
  resolved "https://registry.yarnpkg.com/mdi/-/mdi-1.4.57.tgz#da9a672a4c66b9a4001d534c26c2d1caa6a20b7a"
  integrity sha1-2ppnKkxmuaQAHVNMJsLRyqaiC3o=
